
Microsoft Visual Studio Solution File, Format Version 10.00
# Visual Studio 2008
Project("{8BC9CEB8-8B4A-11D0-8D11-00A0C91BC942}") = "Steam", "steam\Steam.vcproj", "{FD08F481-8B7E-4BCE-AD41-32A251B18667}"
EndProject
Global
	GlobalSection(SolutionConfigurationPlatforms) = preSolution
		Debug|Win32 = Debug|Win32
		Release_2003|Win32 = Release_2003|Win32
		Release|Win32 = Release|Win32
	EndGlobalSection
	GlobalSection(ProjectConfigurationPlatforms) = postSolution
		{FD08F481-8B7E-4BCE-AD41-32A251B18667}.Debug|Win32.ActiveCfg = Debug|Win32
		{FD08F481-8B7E-4BCE-AD41-32A251B18667}.Debug|Win32.Build.0 = Debug|Win32
		{FD08F481-8B7E-4BCE-AD41-32A251B18667}.Release_2003|Win32.ActiveCfg = Release_2003|Win32
		{FD08F481-8B7E-4BCE-AD41-32A251B18667}.Release_2003|Win32.Build.0 = Release_2003|Win32
		{FD08F481-8B7E-4BCE-AD41-32A251B18667}.Release|Win32.ActiveCfg = Release|Win32
		{FD08F481-8B7E-4BCE-AD41-32A251B18667}.Release|Win32.Build.0 = Release|Win32
	EndGlobalSection
	GlobalSection(SolutionProperties) = preSolution
		HideSolutionNode = FALSE
	EndGlobalSection
EndGlobal
